
Microsoft Visual Studio Solution File, Format Version 12.00
# Visual Studio Version 17
VisualStudioVersion = 17.14.36518.9 d17.14
MinimumVisualStudioVersion = 10.0.40219.1
Project("{8BC9CEB8-8B4A-11D0-8D11-00A0C91BC942}") = "OSI_emulator", "OSI_emulator\OSI_emulator.vcxproj", "{59983791-E261-4A3D-9BD6-332270F72C06}"
EndProject
Project("{2150E333-8FDC-42A3-9474-1A3956D46DE8}") = "Solution Items", "Solution Items", "{8EC462FD-D22E-90A8-E5CE-7E832BA40C5D}"
	ProjectSection(SolutionItems) = preProject
		tasks.txt = tasks.txt
	EndProjectSection
EndProject
Global
	GlobalSection(SolutionConfigurationPlatforms) = preSolution
		Debug|x64 = Debug|x64
		Debug|x86 = Debug|x86
		Release|x64 = Release|x64
		Release|x86 = Release|x86
	EndGlobalSection
	GlobalSection(ProjectConfigurationPlatforms) = postSolution
		{59983791-E261-4A3D-9BD6-332270F72C06}.Debug|x64.ActiveCfg = Debug|x64
		{59983791-E261-4A3D-9BD6-332270F72C06}.Debug|x64.Build.0 = Debug|x64
		{59983791-E261-4A3D-9BD6-332270F72C06}.Debug|x86.ActiveCfg = Debug|Win32
		{59983791-E261-4A3D-9BD6-332270F72C06}.Debug|x86.Build.0 = Debug|Win32
		{59983791-E261-4A3D-9BD6-332270F72C06}.Release|x64.ActiveCfg = Release|x64
		{59983791-E261-4A3D-9BD6-332270F72C06}.Release|x64.Build.0 = Release|x64
		{59983791-E261-4A3D-9BD6-332270F72C06}.Release|x86.ActiveCfg = Release|Win32
		{59983791-E261-4A3D-9BD6-332270F72C06}.Release|x86.Build.0 = Release|Win32
	EndGlobalSection
	GlobalSection(SolutionProperties) = preSolution
		HideSolutionNode = FALSE
	EndGlobalSection
	GlobalSection(ExtensibilityGlobals) = postSolution
		SolutionGuid = {25B21BB5-A58B-477B-A6E8-5EAB59A14593}
	EndGlobalSection
EndGlobal
